
Microsoft Visual Studio Solution File, Format Version 12.00
# Visual Studio Version 17
VisualStudioVersion = 17.2.32427.441
MinimumVisualStudioVersion = 10.0.40219.1
Project("{9A19103F-16F7-4668-BE54-9A1E7A4F7556}") = "CoreBlog", "CoreBlog\CoreBlog.csproj", "{5A9A4EFE-D173-4FF3-A913-5BAB057A9A64}"
EndProject
Project("{FAE04EC0-301F-11D3-BF4B-00C04F79EFBC}") = "BusinessLayer", "BusinessLayer\BusinessLayer.csproj", "{FFB58C16-0400-4F69-8BA3-7FCE40DD6D74}"
EndProject
Project("{FAE04EC0-301F-11D3-BF4B-00C04F79EFBC}") = "CoreLayer", "CoreLayer\CoreLayer.csproj", "{DA3F9034-D44D-487D-8057-0708051CF165}"
EndProject
Project("{FAE04EC0-301F-11D3-BF4B-00C04F79EFBC}") = "DataAccessLayer", "DataAccessLayer\DataAccessLayer.csproj", "{BAF2E742-0847-46C6-8B83-1F9D5CE1DA48}"
EndProject
Project("{FAE04EC0-301F-11D3-BF4B-00C04F79EFBC}") = "EntityLayer", "EntityLayer\EntityLayer.csproj", "{80F0CA0F-7469-4194-A59B-CB719733BCC4}"
EndProject
Global
	GlobalSection(SolutionConfigurationPlatforms) = preSolution
		Debug|Any CPU = Debug|Any CPU
		Release|Any CPU = Release|Any CPU
	EndGlobalSection
	GlobalSection(ProjectConfigurationPlatforms) = postSolution
		{5A9A4EFE-D173-4FF3-A913-5BAB057A9A64}.Debug|Any CPU.ActiveCfg = Debug|Any CPU
		{5A9A4EFE-D173-4FF3-A913-5BAB057A9A64}.Debug|Any CPU.Build.0 = Debug|Any CPU
		{5A9A4EFE-D173-4FF3-A913-5BAB057A9A64}.Release|Any CPU.ActiveCfg = Release|Any CPU
		{5A9A4EFE-D173-4FF3-A913-5BAB057A9A64}.Release|Any CPU.Build.0 = Release|Any CPU
		{FFB58C16-0400-4F69-8BA3-7FCE40DD6D74}.Debug|Any CPU.ActiveCfg = Debug|Any CPU
		{FFB58C16-0400-4F69-8BA3-7FCE40DD6D74}.Debug|Any CPU.Build.0 = Debug|Any CPU
		{FFB58C16-0400-4F69-8BA3-7FCE40DD6D74}.Release|Any CPU.ActiveCfg = Release|Any CPU
		{FFB58C16-0400-4F69-8BA3-7FCE40DD6D74}.Release|Any CPU.Build.0 = Release|Any CPU
		{DA3F9034-D44D-487D-8057-0708051CF165}.Debug|Any CPU.ActiveCfg = Debug|Any CPU
		{DA3F9034-D44D-487D-8057-0708051CF165}.Debug|Any CPU.Build.0 = Debug|Any CPU
		{DA3F9034-D44D-487D-8057-0708051CF165}.Release|Any CPU.ActiveCfg = Release|Any CPU
		{DA3F9034-D44D-487D-8057-0708051CF165}.Release|Any CPU.Build.0 = Release|Any CPU
		{BAF2E742-0847-46C6-8B83-1F9D5CE1DA48}.Debug|Any CPU.ActiveCfg = Debug|Any CPU
		{BAF2E742-0847-46C6-8B83-1F9D5CE1DA48}.Debug|Any CPU.Build.0 = Debug|Any CPU
		{BAF2E742-0847-46C6-8B83-1F9D5CE1DA48}.Release|Any CPU.ActiveCfg = Release|Any CPU
		{BAF2E742-0847-46C6-8B83-1F9D5CE1DA48}.Release|Any CPU.Build.0 = Release|Any CPU
		{80F0CA0F-7469-4194-A59B-CB719733BCC4}.Debug|Any CPU.ActiveCfg = Debug|Any CPU
		{80F0CA0F-7469-4194-A59B-CB719733BCC4}.Debug|Any CPU.Build.0 = Debug|Any CPU
		{80F0CA0F-7469-4194-A59B-CB719733BCC4}.Release|Any CPU.ActiveCfg = Release|Any CPU
		{80F0CA0F-7469-4194-A59B-CB719733BCC4}.Release|Any CPU.Build.0 = Release|Any CPU
	EndGlobalSection
	GlobalSection(SolutionProperties) = preSolution
		HideSolutionNode = FALSE
	EndGlobalSection
	GlobalSection(ExtensibilityGlobals) = postSolution
		SolutionGuid = {69C22830-D09E-4D73-8A8B-B205E6844DF2}
	EndGlobalSection
EndGlobal
